
Microsoft Visual Studio Solution File, Format Version 12.00
# Visual Studio Version 16
VisualStudioVersion = 16.0.29728.190
MinimumVisualStudioVersion = 10.0.40219.1
Project("{FAE04EC0-301F-11D3-BF4B-00C04F79EFBC}") = "PNumDer", "PNumDer\PNumDer.csproj", "{79413624-FDDC-4044-8426-F8B509BBD17F}"
EndProject
Project("{FAE04EC0-301F-11D3-BF4B-00C04F79EFBC}") = "developingClasses", "PNumExt\developingClasses.csproj", "{C5258B5A-47D4-4D82-A37D-0AB7A8911C6B}"
EndProject
Global
	GlobalSection(SolutionConfigurationPlatforms) = preSolution
		Debug|Any CPU = Debug|Any CPU
		Release|Any CPU = Release|Any CPU
	EndGlobalSection
	GlobalSection(ProjectConfigurationPlatforms) = postSolution
		{79413624-FDDC-4044-8426-F8B509BBD17F}.Debug|Any CPU.ActiveCfg = Debug|Any CPU
		{79413624-FDDC-4044-8426-F8B509BBD17F}.Debug|Any CPU.Build.0 = Debug|Any CPU
		{79413624-FDDC-4044-8426-F8B509BBD17F}.Release|Any CPU.ActiveCfg = Release|Any CPU
		{79413624-FDDC-4044-8426-F8B509BBD17F}.Release|Any CPU.Build.0 = Release|Any CPU
		{C5258B5A-47D4-4D82-A37D-0AB7A8911C6B}.Debug|Any CPU.ActiveCfg = Debug|Any CPU
		{C5258B5A-47D4-4D82-A37D-0AB7A8911C6B}.Debug|Any CPU.Build.0 = Debug|Any CPU
		{C5258B5A-47D4-4D82-A37D-0AB7A8911C6B}.Release|Any CPU.ActiveCfg = Release|Any CPU
		{C5258B5A-47D4-4D82-A37D-0AB7A8911C6B}.Release|Any CPU.Build.0 = Release|Any CPU
	EndGlobalSection
	GlobalSection(SolutionProperties) = preSolution
		HideSolutionNode = FALSE
	EndGlobalSection
	GlobalSection(ExtensibilityGlobals) = postSolution
		SolutionGuid = {423E8565-F705-425B-A087-A46A92539874}
	EndGlobalSection
EndGlobal
